// !$*UTF8*$!
{
	archiveVersion = 1;
	classes = {
	};
	objectVersion = 46;
	objects = {

/* Begin PBXBuildFile section */
		A9FC217F1C70466C00B35D5C /* TitleViewCell.swift in Sources */ = {isa = PBXBuildFile; fileRef = A9FC217E1C70466C00B35D5C /* TitleViewCell.swift */; };
		A9FE61231C703E4600FF58C6 /* AppDelegate.swift in Sources */ = {isa = PBXBuildFile; fileRef = A9FE61221C703E4600FF58C6 /* AppDelegate.swift */; };
		A9FE61251C703E4600FF58C6 /* ViewController.swift in Sources */ = {isa = PBXBuildFile; fileRef = A9FE61241C703E4600FF58C6 /* ViewController.swift */; };
		A9FE61281C703E4600FF58C6 /* Main.storyboard in Resources */ = {isa = PBXBuildFile; fileRef = A9FE61261C703E4600FF58C6 /* Main.storyboard */; };
		A9FE612A1C703E4600FF58C6 /* Assets.xcassets in Resources */ = {isa = PBXBuildFile; fileRef = A9FE61291C703E4600FF58C6 /* Assets.xcassets */; };
		A9FE612D1C703E4600FF58C6 /* LaunchScreen.storyboard in Resources */ = {isa = PBXBuildFile; fileRef = A9FE612B1C703E4600FF58C6 /* LaunchScreen.storyboard */; };
		A9FE61381C703E4600FF58C6 /* topTests.swift in Sources */ = {isa = PBXBuildFile; fileRef = A9FE61371C703E4600FF58C6 /* topTests.swift */; };
		A9FE61431C703E4600FF58C6 /* topUITests.swift in Sources */ = {isa = PBXBuildFile; fileRef = A9FE61421C703E4600FF58C6 /* topUITests.swift */; };
/* End PBXBuildFile section */

/* Begin PBXContainerItemProxy section */
		A9FE61341C703E4600FF58C6 /* PBXContainerItemProxy */ = {
			isa = PBXContainerItemProxy;
			containerPortal = A9FE61171C703E4500FF58C6 /* Project object */;
			proxyType = 1;
			remoteGlobalIDString = A9FE611E1C703E4500FF58C6;
			remoteInfo = top;
		};
		A9FE613F1C703E4600FF58C6 /* PBXContainerItemProxy */ = {
			isa = PBXContainerItemProxy;
			containerPortal = A9FE61171C703E4500FF58C6 /* Project object */;
			proxyType = 1;
			remoteGlobalIDString = A9FE611E1C703E4500FF58C6;
			remoteInfo = top;
		};
/* End PBXContainerItemProxy section */

/* Begin PBXFileReference section */
		A9FC217E1C70466C00B35D5C /* TitleViewCell.swift */ = {isa = PBXFileReference; fileEncoding = 4; lastKnownFileType = sourcecode.swift; path = TitleViewCell.swift; sourceTree = "<group>"; };
		A9FE611F1C703E4500FF58C6 /* top.app */ = {isa = PBXFileReference; explicitFileType = wrapper.application; includeInIndex = 0; path = top.app; sourceTree = BUILT_PRODUCTS_DIR; };
		A9FE61221C703E4600FF58C6 /* AppDelegate.swift */ = {isa = PBXFileReference; lastKnownFileType = sourcecode.swift; path = AppDelegate.swift; sourceTree = "<group>"; };
		A9FE61241C703E4600FF58C6 /* ViewController.swift */ = {isa = PBXFileReference; lastKnownFileType = sourcecode.swift; path = ViewController.swift; sourceTree = "<group>"; };
		A9FE61271C703E4600FF58C6 /* Base */ = {isa = PBXFileReference; lastKnownFileType = file.storyboard; name = Base; path = Base.lproj/Main.storyboard; sourceTree = "<group>"; };
		A9FE61291C703E4600FF58C6 /* Assets.xcassets */ = {isa = PBXFileReference; lastKnownFileType = folder.assetcatalog; path = Assets.xcassets; sourceTree = "<group>"; };
		A9FE612C1C703E4600FF58C6 /* Base */ = {isa = PBXFileReference; lastKnownFileType = file.storyboard; name = Base; path = Base.lproj/LaunchScreen.storyboard; sourceTree = "<group>"; };
		A9FE612E1C703E4600FF58C6 /* Info.plist */ = {isa = PBXFileReference; lastKnownFileType = text.plist.xml; path = Info.plist; sourceTree = "<group>"; };
		A9FE61331C703E4600FF58C6 /* topTests.xctest */ = {isa = PBXFileReference; explicitFileType = wrapper.cfbundle; includeInIndex = 0; path = topTests.xctest; sourceTree = BUILT_PRODUCTS_DIR; };
		A9FE61371C703E4600FF58C6 /* topTests.swift */ = {isa = PBXFileReference; lastKnownFileType = sourcecode.swift; path = topTests.swift; sourceTree = "<group>"; };
		A9FE61391C703E4600FF58C6 /* Info.plist */ = {isa = PBXFileReference; lastKnownFileType = text.plist.xml; path = Info.plist; sourceTree = "<group>"; };
		A9FE613E1C703E4600FF58C6 /* topUITests.xctest */ = {isa = PBXFileReference; explicitFileType = wrapper.cfbundle; includeInIndex = 0; path = topUITests.xctest; sourceTree = BUILT_PRODUCTS_DIR; };
		A9FE61421C703E4600FF58C6 /* topUITests.swift */ = {isa = PBXFileReference; lastKnownFileType = sourcecode.swift; path = topUITests.swift; sourceTree = "<group>"; };
		A9FE61441C703E4600FF58C6 /* Info.plist */ = {isa = PBXFileReference; lastKnownFileType = text.plist.xml; path = Info.plist; sourceTree = "<group>"; };
/* End PBXFileReference section */

/* Begin PBXFrameworksBuildPhase section */
		A9FE611C1C703E4500FF58C6 /* Frameworks */ = {
			isa = PBXFrameworksBuildPhase;
			buildActionMask = 2147483647;
			files = (
			);
			runOnlyForDeploymentPostprocessing = 0;
		};
		A9FE61301C703E4600FF58C6 /* Frameworks */ = {
			isa = PBXFrameworksBuildPhase;
			buildActionMask = 2147483647;
			files = (
			);
			runOnlyForDeploymentPostprocessing = 0;
		};
		A9FE613B1C703E4600FF58C6 /* Frameworks */ = {
			isa = PBXFrameworksBuildPhase;
			buildActionMask = 2147483647;
			files = (
			);
			runOnlyForDeploymentPostprocessing = 0;
		};
/* End PBXFrameworksBuildPhase section */

/* Begin PBXGroup section */
		A9FE61161C703E4500FF58C6 = {
			isa = PBXGroup;
			children = (
				A9FE61211C703E4600FF58C6 /* top */,
				A9FE61361C703E4600FF58C6 /* topTests */,
				A9FE61411C703E4600FF58C6 /* topUITests */,
				A9FE61201C703E4500FF58C6 /* Products */,
			);
			sourceTree = "<group>";
		};
		A9FE61201C703E4500FF58C6 /* Products */ = {
			isa = PBXGroup;
			children = (
				A9FE611F1C703E4500FF58C6 /* top.app */,
				A9FE61331C703E4600FF58C6 /* topTests.xctest */,
				A9FE613E1C703E4600FF58C6 /* topUITests.xctest */,
			);
			name = Products;
			sourceTree = "<group>";
		};
		A9FE61211C703E4600FF58C6 /* top */ = {
			isa = PBXGroup;
			children = (
				A9FE61221C703E4600FF58C6 /* AppDelegate.swift */,
				A9FE61241C703E4600FF58C6 /* ViewController.swift */,
				A9FC217E1C70466C00B35D5C /* TitleViewCell.swift */,
				A9FE61261C703E4600FF58C6 /* Main.storyboard */,
				A9FE61291C703E4600FF58C6 /* Assets.xcassets */,
				A9FE612B1C703E4600FF58C6 /* LaunchScreen.storyboard */,
				A9FE612E1C703E4600FF58C6 /* Info.plist */,
			);
			path = top;
			sourceTree = "<group>";
		};
		A9FE61361C703E4600FF58C6 /* topTests */ = {
			isa = PBXGroup;
			children = (
				A9FE61371C703E4600FF58C6 /* topTests.swift */,
				A9FE61391C703E4600FF58C6 /* Info.plist */,
			);
			path = topTests;
			sourceTree = "<group>";
		};
		A9FE61411C703E4600FF58C6 /* topUITests */ = {
			isa = PBXGroup;
			children = (
				A9FE61421C703E4600FF58C6 /* topUITests.swift */,
				A9FE61441C703E4600FF58C6 /* Info.plist */,
			);
			path = topUITests;
			sourceTree = "<group>";
		};
/* End PBXGroup section */

/* Begin PBXNativeTarget section */
		A9FE611E1C703E4500FF58C6 /* top */ = {
			isa = PBXNativeTarget;
			buildConfigurationList = A9FE61471C703E4600FF58C6 /* Build configuration list for PBXNativeTarget "top" */;
			buildPhases = (
				A9FE611B1C703E4500FF58C6 /* Sources */,
				A9FE611C1C703E4500FF58C6 /* Frameworks */,
				A9FE611D1C703E4500FF58C6 /* Resources */,
			);
			buildRules = (
			);
			dependencies = (
			);
			name = top;
			productName = top;
			productReference = A9FE611F1C703E4500FF58C6 /* top.app */;
			productType = "com.apple.product-type.application";
		};
		A9FE61321C703E4600FF58C6 /* topTests */ = {
			isa = PBXNativeTarget;
			buildConfigurationList = A9FE614A1C703E4600FF58C6 /* Build configuration list for PBXNativeTarget "topTests" */;
			buildPhases = (
				A9FE612F1C703E4600FF58C6 /* Sources */,
				A9FE61301C703E4600FF58C6 /* Frameworks */,
				A9FE61311C703E4600FF58C6 /* Resources */,
			);
			buildRules = (
			);
			dependencies = (
				A9FE61351C703E4600FF58C6 /* PBXTargetDependency */,
			);
			name = topTests;
			productName = topTests;
			productReference = A9FE61331C703E4600FF58C6 /* topTests.xctest */;
			productType = "com.apple.product-type.bundle.unit-test";
		};
		A9FE613D1C703E4600FF58C6 /* topUITests */ = {
			isa = PBXNativeTarget;
			buildConfigurationList = A9FE614D1C703E4600FF58C6 /* Build configuration list for PBXNativeTarget "topUITests" */;
			buildPhases = (
				A9FE613A1C703E4600FF58C6 /* Sources */,
				A9FE613B1C703E4600FF58C6 /* Frameworks */,
				A9FE613C1C703E4600FF58C6 /* Resources */,
			);
			buildRules = (
			);
			dependencies = (
				A9FE61401C703E4600FF58C6 /* PBXTargetDependency */,
			);
			name = topUITests;
			productName = topUITests;
			productReference = A9FE613E1C703E4600FF58C6 /* topUITests.xctest */;
			productType = "com.apple.product-type.bundle.ui-testing";
		};
/* End PBXNativeTarget section */

/* Begin PBXProject section */
		A9FE61171C703E4500FF58C6 /* Project object */ = {
			isa = PBXProject;
			attributes = {
				LastSwiftUpdateCheck = 0720;
				LastUpgradeCheck = 0720;
				ORGANIZATIONNAME = "风起兮";
				TargetAttributes = {
					A9FE611E1C703E4500FF58C6 = {
						CreatedOnToolsVersion = 7.2;
						DevelopmentTeam = 958X6TCPD9;
					};
					A9FE61321C703E4600FF58C6 = {
						CreatedOnToolsVersion = 7.2;
						DevelopmentTeam = 958X6TCPD9;
						TestTargetID = A9FE611E1C703E4500FF58C6;
					};
					A9FE613D1C703E4600FF58C6 = {
						CreatedOnToolsVersion = 7.2;
						DevelopmentTeam = 958X6TCPD9;
						TestTargetID = A9FE611E1C703E4500FF58C6;
					};
				};
			};
			buildConfigurationList = A9FE611A1C703E4500FF58C6 /* Build configuration list for PBXProject "top" */;
			compatibilityVersion = "Xcode 3.2";
			developmentRegion = English;
			hasScannedForEncodings = 0;
			knownRegions = (
				en,
				Base,
			);
			mainGroup = A9FE61161C703E4500FF58C6;
			productRefGroup = A9FE61201C703E4500FF58C6 /* Products */;
			projectDirPath = "";
			projectRoot = "";
			targets = (
				A9FE611E1C703E4500FF58C6 /* top */,
				A9FE61321C703E4600FF58C6 /* topTests */,
				A9FE613D1C703E4600FF58C6 /* topUITests */,
			);
		};
/* End PBXProject section */

/* Begin PBXResourcesBuildPhase section */
		A9FE611D1C703E4500FF58C6 /* Resources */ = {
			isa = PBXResourcesBuildPhase;
			buildActionMask = 2147483647;
			files = (
				A9FE612D1C703E4600FF58C6 /* LaunchScreen.storyboard in Resources */,
				A9FE612A1C703E4600FF58C6 /* Assets.xcassets in Resources */,
				A9FE61281C703E4600FF58C6 /* Main.storyboard in Resources */,
			);
			runOnlyForDeploymentPostprocessing = 0;
		};
		A9FE61311C703E4600FF58C6 /* Resources */ = {
			isa = PBXResourcesBuildPhase;
			buildActionMask = 2147483647;
			files = (
			);
			runOnlyForDeploymentPostprocessing = 0;
		};
		A9FE613C1C703E4600FF58C6 /* Resources */ = {
			isa = PBXResourcesBuildPhase;
			buildActionMask = 2147483647;
			files = (
			);
			runOnlyForDeploymentPostprocessing = 0;
		};
/* End PBXResourcesBuildPhase section */

/* Begin PBXSourcesBuildPhase section */
		A9FE611B1C703E4500FF58C6 /* Sources */ = {
			isa = PBXSourcesBuildPhase;
			buildActionMask = 2147483647;
			files = (
				A9FC217F1C70466C00B35D5C /* TitleViewCell.swift in Sources */,
				A9FE61251C703E4600FF58C6 /* ViewController.swift in Sources */,
				A9FE61231C703E4600FF58C6 /* AppDelegate.swift in Sources */,
			);
			runOnlyForDeploymentPostprocessing = 0;
		};
		A9FE612F1C703E4600FF58C6 /* Sources */ = {
			isa = PBXSourcesBuildPhase;
			buildActionMask = 2147483647;
			files = (
				A9FE61381C703E4600FF58C6 /* topTests.swift in Sources */,
			);
			runOnlyForDeploymentPostprocessing = 0;
		};
		A9FE613A1C703E4600FF58C6 /* Sources */ = {
			isa = PBXSourcesBuildPhase;
			buildActionMask = 2147483647;
			files = (
				A9FE61431C703E4600FF58C6 /* topUITests.swift in Sources */,
			);
			runOnlyForDeploymentPostprocessing = 0;
		};
/* End PBXSourcesBuildPhase section */

/* Begin PBXTargetDependency section */
		A9FE61351C703E4600FF58C6 /* PBXTargetDependency */ = {
			isa = PBXTargetDependency;
			target = A9FE611E1C703E4500FF58C6 /* top */;
			targetProxy = A9FE61341C703E4600FF58C6 /* PBXContainerItemProxy */;
		};
		A9FE61401C703E4600FF58C6 /* PBXTargetDependency */ = {
			isa = PBXTargetDependency;
			target = A9FE611E1C703E4500FF58C6 /* top */;
			targetProxy = A9FE613F1C703E4600FF58C6 /* PBXContainerItemProxy */;
		};
/* End PBXTargetDependency section */

/* Begin PBXVariantGroup section */
		A9FE61261C703E4600FF58C6 /* Main.storyboard */ = {
			isa = PBXVariantGroup;
			children = (
				A9FE61271C703E4600FF58C6 /* Base */,
			);
			name = Main.storyboard;
			sourceTree = "<group>";
		};
		A9FE612B1C703E4600FF58C6 /* LaunchScreen.storyboard */ = {
			isa = PBXVariantGroup;
			children = (
				A9FE612C1C703E4600FF58C6 /* Base */,
			);
			name = LaunchScreen.storyboard;
			sourceTree = "<group>";
		};
/* End PBXVariantGroup section */

/* Begin XCBuildConfiguration section */
		A9FE61451C703E4600FF58C6 /* Debug */ = {
			isa = XCBuildConfiguration;
			buildSettings = {
				ALWAYS_SEARCH_USER_PATHS = NO;
				CLANG_CXX_LANGUAGE_STANDARD = "gnu++0x";
				CLANG_CXX_LIBRARY = "libc++";
				CLANG_ENABLE_MODULES = YES;
				CLANG_ENABLE_OBJC_ARC = YES;
				CLANG_WARN_BOOL_CONVERSION = YES;
				CLANG_WARN_CONSTANT_CONVERSION = YES;
				CLANG_WARN_DIRECT_OBJC_ISA_USAGE = YES_ERROR;
				CLANG_WARN_EMPTY_BODY = YES;
				CLANG_WARN_ENUM_CONVERSION = YES;
				CLANG_WARN_INT_CONVERSION = YES;
				CLANG_WARN_OBJC_ROOT_CLASS = YES_ERROR;
				CLANG_WARN_UNREACHABLE_CODE = YES;
				CLANG_WARN__DUPLICATE_METHOD_MATCH = YES;
				"CODE_SIGN_IDENTITY[sdk=iphoneos*]" = "iPhone Developer";
				COPY_PHASE_STRIP = NO;
				DEBUG_INFORMATION_FORMAT = dwarf;
				ENABLE_STRICT_OBJC_MSGSEND = YES;
				ENABLE_TESTABILITY = YES;
				GCC_C_LANGUAGE_STANDARD = gnu99;
				GCC_DYNAMIC_NO_PIC = NO;
				GCC_NO_COMMON_BLOCKS = YES;
				GCC_OPTIMIZATION_LEVEL = 0;
				GCC_PREPROCESSOR_DEFINITIONS = (
					"DEBUG=1",
					"$(inherited)",
				);
				GCC_WARN_64_TO_32_BIT_CONVERSION = YES;
				GCC_WARN_ABOUT_RETURN_TYPE = YES_ERROR;
				GCC_WARN_UNDECLARED_SELECTOR = YES;
				GCC_WARN_UNINITIALIZED_AUTOS = YES_AGGRESSIVE;
				GCC_WARN_UNUSED_FUNCTION = YES;
				GCC_WARN_UNUSED_VARIABLE = YES;
				IPHONEOS_DEPLOYMENT_TARGET = 9.2;
				MTL_ENABLE_DEBUG_INFO = YES;
				ONLY_ACTIVE_ARCH = YES;
				SDKROOT = iphoneos;
				SWIFT_OPTIMIZATION_LEVEL = "-Onone";
				TARGETED_DEVICE_FAMILY = "1,2";
			};
			name = Debug;
		};
		A9FE61461C703E4600FF58C6 /* Release */ = {
			isa = XCBuildConfiguration;
			buildSettings = {
				ALWAYS_SEARCH_USER_PATHS = NO;
				CLANG_CXX_LANGUAGE_STANDARD = "gnu++0x";
				CLANG_CXX_LIBRARY = "libc++";
				CLANG_ENABLE_MODULES = YES;
				CLANG_ENABLE_OBJC_ARC = YES;
				CLANG_WARN_BOOL_CONVERSION = YES;
				CLANG_WARN_CONSTANT_CONVERSION = YES;
				CLANG_WARN_DIRECT_OBJC_ISA_USAGE = YES_ERROR;
				CLANG_WARN_EMPTY_BODY = YES;
				CLANG_WARN_ENUM_CONVERSION = YES;
				CLANG_WARN_INT_CONVERSION = YES;
				CLANG_WARN_OBJC_ROOT_CLASS = YES_ERROR;
				CLANG_WARN_UNREACHABLE_CODE = YES;
				CLANG_WARN__DUPLICATE_METHOD_MATCH = YES;
				"CODE_SIGN_IDENTITY[sdk=iphoneos*]" = "iPhone Developer";
				COPY_PHASE_STRIP = NO;
				DEBUG_INFORMATION_FORMAT = "dwarf-with-dsym";
				ENABLE_NS_ASSERTIONS = NO;
				ENABLE_STRICT_OBJC_MSGSEND = YES;
				GCC_C_LANGUAGE_STANDARD = gnu99;
				GCC_NO_COMMON_BLOCKS = YES;
				GCC_WARN_64_TO_32_BIT_CONVERSION = YES;
				GCC_WARN_ABOUT_RETURN_TYPE = YES_ERROR;
				GCC_WARN_UNDECLARED_SELECTOR = YES;
				GCC_WARN_UNINITIALIZED_AUTOS = YES_AGGRESSIVE;
				GCC_WARN_UNUSED_FUNCTION = YES;
				GCC_WARN_UNUSED_VARIABLE = YES;
				IPHONEOS_DEPLOYMENT_TARGET = 9.2;
				MTL_ENABLE_DEBUG_INFO = NO;
				SDKROOT = iphoneos;
				TARGETED_DEVICE_FAMILY = "1,2";
				VALIDATE_PRODUCT = YES;
			};
			name = Release;
		};
		A9FE61481C703E4600FF58C6 /* Debug */ = {
			isa = XCBuildConfiguration;
			buildSettings = {
				ASSETCATALOG_COMPILER_APPICON_NAME = AppIcon;
				INFOPLIST_FILE = top/Info.plist;
				LD_RUNPATH_SEARCH_PATHS = "$(inherited) @executable_path/Frameworks";
				PRODUCT_BUNDLE_IDENTIFIER = fanfan.top;
				PRODUCT_NAME = "$(TARGET_NAME)";
			};
			name = Debug;
		};
		A9FE61491C703E4600FF58C6 /* Release */ = {
			isa = XCBuildConfiguration;
			buildSettings = {
				ASSETCATALOG_COMPILER_APPICON_NAME = AppIcon;
				INFOPLIST_FILE = top/Info.plist;
				LD_RUNPATH_SEARCH_PATHS = "$(inherited) @executable_path/Frameworks";
				PRODUCT_BUNDLE_IDENTIFIER = fanfan.top;
				PRODUCT_NAME = "$(TARGET_NAME)";
			};
			name = Release;
		};
		A9FE614B1C703E4600FF58C6 /* Debug */ = {
			isa = XCBuildConfiguration;
			buildSettings = {
				BUNDLE_LOADER = "$(TEST_HOST)";
				INFOPLIST_FILE = topTests/Info.plist;
				LD_RUNPATH_SEARCH_PATHS = "$(inherited) @executable_path/Frameworks @loader_path/Frameworks";
				PRODUCT_BUNDLE_IDENTIFIER = fanfan.topTests;
				PRODUCT_NAME = "$(TARGET_NAME)";
				TEST_HOST = "$(BUILT_PRODUCTS_DIR)/top.app/top";
			};
			name = Debug;
		};
		A9FE614C1C703E4600FF58C6 /* Release */ = {
			isa = XCBuildConfiguration;
			buildSettings = {
				BUNDLE_LOADER = "$(TEST_HOST)";
				INFOPLIST_FILE = topTests/Info.plist;
				LD_RUNPATH_SEARCH_PATHS = "$(inherited) @executable_path/Frameworks @loader_path/Frameworks";
				PRODUCT_BUNDLE_IDENTIFIER = fanfan.topTests;
				PRODUCT_NAME = "$(TARGET_NAME)";
				TEST_HOST = "$(BUILT_PRODUCTS_DIR)/top.app/top";
			};
			name = Release;
		};
		A9FE614E1C703E4600FF58C6 /* Debug */ = {
			isa = XCBuildConfiguration;
			buildSettings = {
				INFOPLIST_FILE = topUITests/Info.plist;
				LD_RUNPATH_SEARCH_PATHS = "$(inherited) @executable_path/Frameworks @loader_path/Frameworks";
				PRODUCT_BUNDLE_IDENTIFIER = fanfan.topUITests;
				PRODUCT_NAME = "$(TARGET_NAME)";
				TEST_TARGET_NAME = top;
				USES_XCTRUNNER = YES;
			};
			name = Debug;
		};
		A9FE614F1C703E4600FF58C6 /* Release */ = {
			isa = XCBuildConfiguration;
			buildSettings = {
				INFOPLIST_FILE = topUITests/Info.plist;
				LD_RUNPATH_SEARCH_PATHS = "$(inherited) @executable_path/Frameworks @loader_path/Frameworks";
				PRODUCT_BUNDLE_IDENTIFIER = fanfan.topUITests;
				PRODUCT_NAME = "$(TARGET_NAME)";
				TEST_TARGET_NAME = top;
				USES_XCTRUNNER = YES;
			};
			name = Release;
		};
/* End XCBuildConfiguration section */

/* Begin XCConfigurationList section */
		A9FE611A1C703E4500FF58C6 /* Build configuration list for PBXProject "top" */ = {
			isa = XCConfigurationList;
			buildConfigurations = (
				A9FE61451C703E4600FF58C6 /* Debug */,
				A9FE61461C703E4600FF58C6 /* Release */,
			);
			defaultConfigurationIsVisible = 0;
			defaultConfigurationName = Release;
		};
		A9FE61471C703E4600FF58C6 /* Build configuration list for PBXNativeTarget "top" */ = {
			isa = XCConfigurationList;
			buildConfigurations = (
				A9FE61481C703E4600FF58C6 /* Debug */,
				A9FE61491C703E4600FF58C6 /* Release */,
			);
			defaultConfigurationIsVisible = 0;
			defaultConfigurationName = Release;
		};
		A9FE614A1C703E4600FF58C6 /* Build configuration list for PBXNativeTarget "topTests" */ = {
			isa = XCConfigurationList;
			buildConfigurations = (
				A9FE614B1C703E4600FF58C6 /* Debug */,
				A9FE614C1C703E4600FF58C6 /* Release */,
			);
			defaultConfigurationIsVisible = 0;
			defaultConfigurationName = Release;
		};
		A9FE614D1C703E4600FF58C6 /* Build configuration list for PBXNativeTarget "topUITests" */ = {
			isa = XCConfigurationList;
			buildConfigurations = (
				A9FE614E1C703E4600FF58C6 /* Debug */,
				A9FE614F1C703E4600FF58C6 /* Release */,
			);
			defaultConfigurationIsVisible = 0;
			defaultConfigurationName = Release;
		};
/* End XCConfigurationList section */
	};
	rootObject = A9FE61171C703E4500FF58C6 /* Project object */;
}
